
Microsoft Visual Studio Solution File, Format Version 12.00
# Visual Studio Version 16
VisualStudioVersion = 16.0.30907.101
MinimumVisualStudioVersion = 10.0.40219.1
Project("{FAE04EC0-301F-11D3-BF4B-00C04F79EFBC}") = "dan01", "dan01\dan01.csproj", "{069BC82B-10F3-4954-842A-14EE5AFEE721}"
EndProject
Global
	GlobalSection(SolutionConfigurationPlatforms) = preSolution
		Debug|Any CPU = Debug|Any CPU
		Release|Any CPU = Release|Any CPU
	EndGlobalSection
	GlobalSection(ProjectConfigurationPlatforms) = postSolution
		{069BC82B-10F3-4954-842A-14EE5AFEE721}.Debug|Any CPU.ActiveCfg = Debug|Any CPU
		{069BC82B-10F3-4954-842A-14EE5AFEE721}.Debug|Any CPU.Build.0 = Debug|Any CPU
		{069BC82B-10F3-4954-842A-14EE5AFEE721}.Release|Any CPU.ActiveCfg = Release|Any CPU
		{069BC82B-10F3-4954-842A-14EE5AFEE721}.Release|Any CPU.Build.0 = Release|Any CPU
	EndGlobalSection
	GlobalSection(SolutionProperties) = preSolution
		HideSolutionNode = FALSE
	EndGlobalSection
	GlobalSection(ExtensibilityGlobals) = postSolution
		SolutionGuid = {AAD83022-F0BC-43A9-856F-29A41E566BB0}
	EndGlobalSection
EndGlobal
